{
  "name": "@antwiib001/sunt-ullam-numquam",
  "version": "1.0.0",
  "lockfileVersion": 3,
  "requires": true,
  "packages": {
    "": {
      "name": "@antwiib001/sunt-ullam-numquam",
      "version": "1.0.0",
      "license": "MIT",
      "dependencies": {
        "@antwiib001/consequatur-qui-incidunt": "^1.0.0",
        "@antwiib001/explicabo-debitis-tempore": "^1.0.0",
        "@antwiib001/nobis-assumenda-velit": "^1.0.0",
        "@antwiib001/porro-quos-assumenda": "^1.0.0"
      }
    },
    "node_modules/@antwiib001/consequatur-qui-incidunt": {
      "version": "1.0.0",
      "resolved": "https://registry.npmjs.org/@antwiib001/consequatur-qui-incidunt/-/consequatur-qui-incidunt-1.0.0.tgz",
      "integrity": "sha512-exCP0aU6f8vVvIRsCNClKF8FUuCimIIEgqXoGAA+xp+ndtnhcIDt3H/YJl6HMpjHhjRsiPP0LdjNRinkRu21Sw==",
      "dependencies": {
        "@antwiib001/nobis-assumenda-velit": "^1.0.0",
        "@antwiib001/porro-quos-assumenda": "^1.0.0"
      }
    },
    "node_modules/@antwiib001/explicabo-debitis-tempore": {
      "version": "1.0.0",
      "resolved": "https://registry.npmjs.org/@antwiib001/explicabo-debitis-tempore/-/explicabo-debitis-tempore-1.0.0.tgz",
      "integrity": "sha512-GFXg+7N6dbgV+IovFTgrpx8x29Yd/o8abU/W0h9aLF7RUdjQKK7pF8xMeWD7JZCLpWlGSy3iSAgxHLQg1TC+/A==",
      "dependencies": {
        "@antwiib001/consequatur-qui-incidunt": "^1.0.0",
        "@antwiib001/nobis-assumenda-velit": "^1.0.0",
        "@antwiib001/porro-quos-assumenda": "^1.0.0"
      }
    },
    "node_modules/@antwiib001/nobis-assumenda-velit": {
      "version": "1.0.0",
      "resolved": "https://registry.npmjs.org/@antwiib001/nobis-assumenda-velit/-/nobis-assumenda-velit-1.0.0.tgz",
      "integrity": "sha512-xcC6elHvMbHYPbN6BZ5lBpeHvWA0dXhjsY4tLFEAa1vbSBIg2cq9ZE5dFoIZ+v7ZnWt34zsSBvI0gy2fkZ5RxA==",
      "dependencies": {
        "@antwiib001/porro-quos-assumenda": "^1.0.0"
      }
    },
    "node_modules/@antwiib001/porro-quos-assumenda": {
      "version": "1.0.0",
      "resolved": "https://registry.npmjs.org/@antwiib001/porro-quos-assumenda/-/porro-quos-assumenda-1.0.0.tgz",
      "integrity": "sha512-QmM0D7d9IcDgo2iG9VS4kNYNM1TfYec8vFmrvPkkgNmWPrSJ5mmdKBmnHmVDUjdvnm4l2+Q97v7PUmYru/iFHw=="
    }
  }
}
